
Microsoft Visual Studio Solution File, Format Version 12.00
# Visual Studio Version 16
VisualStudioVersion = 16.0.33328.57
MinimumVisualStudioVersion = 10.0.40219.1
Project("{FAE04EC0-301F-11D3-BF4B-00C04F79EFBC}") = "Tema1", "Tema1.csproj", "{1F8B1E89-CE25-430A-AC86-DC3F495F4F42}"
EndProject
Global
	GlobalSection(SolutionConfigurationPlatforms) = preSolution
		Debug|Any CPU = Debug|Any CPU
		Release|Any CPU = Release|Any CPU
	EndGlobalSection
	GlobalSection(ProjectConfigurationPlatforms) = postSolution
		{1F8B1E89-CE25-430A-AC86-DC3F495F4F42}.Debug|Any CPU.ActiveCfg = Debug|Any CPU
		{1F8B1E89-CE25-430A-AC86-DC3F495F4F42}.Debug|Any CPU.Build.0 = Debug|Any CPU
		{1F8B1E89-CE25-430A-AC86-DC3F495F4F42}.Release|Any CPU.ActiveCfg = Release|Any CPU
		{1F8B1E89-CE25-430A-AC86-DC3F495F4F42}.Release|Any CPU.Build.0 = Release|Any CPU
	EndGlobalSection
	GlobalSection(SolutionProperties) = preSolution
		HideSolutionNode = FALSE
	EndGlobalSection
	GlobalSection(ExtensibilityGlobals) = postSolution
		SolutionGuid = {D1CD918B-DDAE-4B42-AFCB-F3D6F53CF51A}
	EndGlobalSection
EndGlobal
